
Microsoft Visual Studio Solution File, Format Version 12.00
# Visual Studio 15
VisualStudioVersion = 15.0.28307.421
MinimumVisualStudioVersion = 10.0.40219.1
Project("{FAE04EC0-301F-11D3-BF4B-00C04F79EFBC}") = "zadacha 6", "zadacha 6\zadacha 6.csproj", "{F8AB83FB-38FA-4257-B4F7-442F0A0E9F85}"
EndProject
Global
	GlobalSection(SolutionConfigurationPlatforms) = preSolution
		Debug|Any CPU = Debug|Any CPU
		Release|Any CPU = Release|Any CPU
	EndGlobalSection
	GlobalSection(ProjectConfigurationPlatforms) = postSolution
		{F8AB83FB-38FA-4257-B4F7-442F0A0E9F85}.Debug|Any CPU.ActiveCfg = Debug|Any CPU
		{F8AB83FB-38FA-4257-B4F7-442F0A0E9F85}.Debug|Any CPU.Build.0 = Debug|Any CPU
		{F8AB83FB-38FA-4257-B4F7-442F0A0E9F85}.Release|Any CPU.ActiveCfg = Release|Any CPU
		{F8AB83FB-38FA-4257-B4F7-442F0A0E9F85}.Release|Any CPU.Build.0 = Release|Any CPU
	EndGlobalSection
	GlobalSection(SolutionProperties) = preSolution
		HideSolutionNode = FALSE
	EndGlobalSection
	GlobalSection(ExtensibilityGlobals) = postSolution
		SolutionGuid = {2B4BAD7F-CC9B-4158-8CE2-03E5349E9172}
	EndGlobalSection
EndGlobal
