
Microsoft Visual Studio Solution File, Format Version 12.00
# Visual Studio 15
VisualStudioVersion = 15.0.28307.421
MinimumVisualStudioVersion = 10.0.40219.1
Project("{FAE04EC0-301F-11D3-BF4B-00C04F79EFBC}") = "Zadacha 5", "Zadacha 5\Zadacha 5.csproj", "{AC7708C6-9100-4C52-B2B6-311F0A35C60F}"
EndProject
Global
	GlobalSection(SolutionConfigurationPlatforms) = preSolution
		Debug|Any CPU = Debug|Any CPU
		Release|Any CPU = Release|Any CPU
	EndGlobalSection
	GlobalSection(ProjectConfigurationPlatforms) = postSolution
		{AC7708C6-9100-4C52-B2B6-311F0A35C60F}.Debug|Any CPU.ActiveCfg = Debug|Any CPU
		{AC7708C6-9100-4C52-B2B6-311F0A35C60F}.Debug|Any CPU.Build.0 = Debug|Any CPU
		{AC7708C6-9100-4C52-B2B6-311F0A35C60F}.Release|Any CPU.ActiveCfg = Release|Any CPU
		{AC7708C6-9100-4C52-B2B6-311F0A35C60F}.Release|Any CPU.Build.0 = Release|Any CPU
	EndGlobalSection
	GlobalSection(SolutionProperties) = preSolution
		HideSolutionNode = FALSE
	EndGlobalSection
	GlobalSection(ExtensibilityGlobals) = postSolution
		SolutionGuid = {1CDC024A-871B-41B8-BFF9-8349BEB065AA}
	EndGlobalSection
EndGlobal
